
Microsoft Visual Studio Solution File, Format Version 12.00
# Visual Studio Version 16
VisualStudioVersion = 25.0.1706.8
MinimumVisualStudioVersion = 10.0.40219.1
Project("{2150E333-8FDC-42A3-9474-1A3956D46DE8}") = "src", "src", "{857C5F1C-D4CF-417D-B589-CF9C7F87B2ED}"
EndProject
Project("{2150E333-8FDC-42A3-9474-1A3956D46DE8}") = "01.Web", "01.Web", "{2716ADE3-DB0E-49BE-AAED-34036FA7DD17}"
EndProject
Project("{2150E333-8FDC-42A3-9474-1A3956D46DE8}") = "04.Model", "04.Model", "{325D2442-7A10-41A9-89EF-E7F875669BBA}"
EndProject
Project("{FAE04EC0-301F-11D3-BF4B-00C04F79EFBC}") = "Dashboard.Model", "src\Model\Dashboard.Model\Dashboard.Model.csproj", "{EA55EA54-7B0D-4CCD-98D0-5D6251DC21CD}"
EndProject
Project("{2150E333-8FDC-42A3-9474-1A3956D46DE8}") = "05.Common", "05.Common", "{ACFAB255-AAF6-4835-833E-CB9ABE0A0EF8}"
EndProject
Project("{FAE04EC0-301F-11D3-BF4B-00C04F79EFBC}") = "Dashboard.Common", "src\Common\Dashboard.Common\Dashboard.Common.csproj", "{52FB3EAB-0285-4CA1-AC40-85FE3A659B60}"
EndProject
Project("{2150E333-8FDC-42A3-9474-1A3956D46DE8}") = "03.Persistence", "03.Persistence", "{9041C585-2E40-41D1-AAC0-E36C583952FB}"
EndProject
Project("{FAE04EC0-301F-11D3-BF4B-00C04F79EFBC}") = "Dashboard.Persistence", "src\Persistence\Dashboard.Persistence\Dashboard.Persistence.csproj", "{581822B5-E5E7-44EB-A309-681A2F3FEBD1}"
EndProject
Project("{2150E333-8FDC-42A3-9474-1A3956D46DE8}") = "02.UseCase", "02.UseCase", "{55B24EF4-CBFA-4706-B65E-366BA62189BE}"
EndProject
Project("{FAE04EC0-301F-11D3-BF4B-00C04F79EFBC}") = "Dashboard.UseCase", "src\UseCase\Dashboard.UseCase\Dashboard.UseCase.csproj", "{D01D0018-DB66-4311-A842-3C1FAEB84D6F}"
EndProject
Project("{FAE04EC0-301F-11D3-BF4B-00C04F79EFBC}") = "Dashboard.NovaFlat", "src\Web\Dashboard.NovaFlat\Dashboard.NovaFlat.csproj", "{52B663F3-2357-4896-8C39-407D7DBF3621}"
EndProject
Global
	GlobalSection(SolutionConfigurationPlatforms) = preSolution
		Debug|Any CPU = Debug|Any CPU
		Release|Any CPU = Release|Any CPU
	EndGlobalSection
	GlobalSection(ProjectConfigurationPlatforms) = postSolution
		{EA55EA54-7B0D-4CCD-98D0-5D6251DC21CD}.Debug|Any CPU.ActiveCfg = Debug|Any CPU
		{EA55EA54-7B0D-4CCD-98D0-5D6251DC21CD}.Debug|Any CPU.Build.0 = Debug|Any CPU
		{EA55EA54-7B0D-4CCD-98D0-5D6251DC21CD}.Release|Any CPU.ActiveCfg = Release|Any CPU
		{EA55EA54-7B0D-4CCD-98D0-5D6251DC21CD}.Release|Any CPU.Build.0 = Release|Any CPU
		{52FB3EAB-0285-4CA1-AC40-85FE3A659B60}.Debug|Any CPU.ActiveCfg = Debug|Any CPU
		{52FB3EAB-0285-4CA1-AC40-85FE3A659B60}.Debug|Any CPU.Build.0 = Debug|Any CPU
		{52FB3EAB-0285-4CA1-AC40-85FE3A659B60}.Release|Any CPU.ActiveCfg = Release|Any CPU
		{52FB3EAB-0285-4CA1-AC40-85FE3A659B60}.Release|Any CPU.Build.0 = Release|Any CPU
		{581822B5-E5E7-44EB-A309-681A2F3FEBD1}.Debug|Any CPU.ActiveCfg = Debug|Any CPU
		{581822B5-E5E7-44EB-A309-681A2F3FEBD1}.Debug|Any CPU.Build.0 = Debug|Any CPU
		{581822B5-E5E7-44EB-A309-681A2F3FEBD1}.Release|Any CPU.ActiveCfg = Release|Any CPU
		{581822B5-E5E7-44EB-A309-681A2F3FEBD1}.Release|Any CPU.Build.0 = Release|Any CPU
		{D01D0018-DB66-4311-A842-3C1FAEB84D6F}.Debug|Any CPU.ActiveCfg = Debug|Any CPU
		{D01D0018-DB66-4311-A842-3C1FAEB84D6F}.Debug|Any CPU.Build.0 = Debug|Any CPU
		{D01D0018-DB66-4311-A842-3C1FAEB84D6F}.Release|Any CPU.ActiveCfg = Release|Any CPU
		{D01D0018-DB66-4311-A842-3C1FAEB84D6F}.Release|Any CPU.Build.0 = Release|Any CPU
		{52B663F3-2357-4896-8C39-407D7DBF3621}.Debug|Any CPU.ActiveCfg = Debug|Any CPU
		{52B663F3-2357-4896-8C39-407D7DBF3621}.Debug|Any CPU.Build.0 = Debug|Any CPU
		{52B663F3-2357-4896-8C39-407D7DBF3621}.Release|Any CPU.ActiveCfg = Release|Any CPU
		{52B663F3-2357-4896-8C39-407D7DBF3621}.Release|Any CPU.Build.0 = Release|Any CPU
	EndGlobalSection
	GlobalSection(SolutionProperties) = preSolution
		HideSolutionNode = FALSE
	EndGlobalSection
	GlobalSection(ExtensibilityGlobals) = postSolution
		SolutionGuid = {6DC6CA1C-7688-43B4-9141-43FE8C2CCAD0}
	EndGlobalSection
	GlobalSection(NestedProjects) = preSolution
		{2716ADE3-DB0E-49BE-AAED-34036FA7DD17} = {857C5F1C-D4CF-417D-B589-CF9C7F87B2ED}
		{325D2442-7A10-41A9-89EF-E7F875669BBA} = {857C5F1C-D4CF-417D-B589-CF9C7F87B2ED}
		{EA55EA54-7B0D-4CCD-98D0-5D6251DC21CD} = {325D2442-7A10-41A9-89EF-E7F875669BBA}
		{ACFAB255-AAF6-4835-833E-CB9ABE0A0EF8} = {857C5F1C-D4CF-417D-B589-CF9C7F87B2ED}
		{52FB3EAB-0285-4CA1-AC40-85FE3A659B60} = {ACFAB255-AAF6-4835-833E-CB9ABE0A0EF8}
		{9041C585-2E40-41D1-AAC0-E36C583952FB} = {857C5F1C-D4CF-417D-B589-CF9C7F87B2ED}
		{581822B5-E5E7-44EB-A309-681A2F3FEBD1} = {9041C585-2E40-41D1-AAC0-E36C583952FB}
		{55B24EF4-CBFA-4706-B65E-366BA62189BE} = {857C5F1C-D4CF-417D-B589-CF9C7F87B2ED}
		{D01D0018-DB66-4311-A842-3C1FAEB84D6F} = {55B24EF4-CBFA-4706-B65E-366BA62189BE}
		{52B663F3-2357-4896-8C39-407D7DBF3621} = {2716ADE3-DB0E-49BE-AAED-34036FA7DD17}
	EndGlobalSection
EndGlobal
